// !$*UTF8*$!
{
	archiveVersion = 1;
	classes = {
	};
	objectVersion = 46;
	objects = {

/* Begin PBXBuildFile section */
		C7318E3B1D98BFDB0042731B /* main.m in Sources */ = {isa = PBXBuildFile; fileRef = C7318E3A1D98BFDB0042731B /* main.m */; };
		C77F11531D9AE03700BC6EF7 /* Object_Info.m in Sources */ = {isa = PBXBuildFile; fileRef = C77F11521D9AE03700BC6EF7 /* Object_Info.m */; };
/* End PBXBuildFile section */

/* Begin PBXCopyFilesBuildPhase section */
		C7318E351D98BFDA0042731B /* CopyFiles */ = {
			isa = PBXCopyFilesBuildPhase;
			buildActionMask = 2147483647;
			dstPath = /usr/share/man/man1/;
			dstSubfolderSpec = 0;
			files = (
			);
			runOnlyForDeploymentPostprocessing = 1;
		};
/* End PBXCopyFilesBuildPhase section */

/* Begin PBXFileReference section */
		C7318E371D98BFDB0042731B /* iOS Programming Assignment 1 */ = {isa = PBXFileReference; explicitFileType = "compiled.mach-o.executable"; includeInIndex = 0; path = "iOS Programming Assignment 1"; sourceTree = BUILT_PRODUCTS_DIR; };
		C7318E3A1D98BFDB0042731B /* main.m */ = {isa = PBXFileReference; lastKnownFileType = sourcecode.c.objc; path = main.m; sourceTree = "<group>"; };
		C77F11511D9AE03700BC6EF7 /* Object_Info.h */ = {isa = PBXFileReference; fileEncoding = 4; lastKnownFileType = sourcecode.c.h; name = Object_Info.h; path = ../Object_Info.h; sourceTree = "<group>"; };
		C77F11521D9AE03700BC6EF7 /* Object_Info.m */ = {isa = PBXFileReference; fileEncoding = 4; lastKnownFileType = sourcecode.c.objc; name = Object_Info.m; path = ../Object_Info.m; sourceTree = "<group>"; };
/* End PBXFileReference section */

/* Begin PBXFrameworksBuildPhase section */
		C7318E341D98BFDA0042731B /* Frameworks */ = {
			isa = PBXFrameworksBuildPhase;
			buildActionMask = 2147483647;
			files = (
			);
			runOnlyForDeploymentPostprocessing = 0;
		};
/* End PBXFrameworksBuildPhase section */

/* Begin PBXGroup section */
		C7318E2E1D98BFDA0042731B = {
			isa = PBXGroup;
			children = (
				C7318E391D98BFDB0042731B /* iOS Programming Assignment 1 */,
				C7318E381D98BFDB0042731B /* Products */,
			);
			sourceTree = "<group>";
		};
		C7318E381D98BFDB0042731B /* Products */ = {
			isa = PBXGroup;
			children = (
				C7318E371D98BFDB0042731B /* iOS Programming Assignment 1 */,
			);
			name = Products;
			sourceTree = "<group>";
		};
		C7318E391D98BFDB0042731B /* iOS Programming Assignment 1 */ = {
			isa = PBXGroup;
			children = (
				C77F11511D9AE03700BC6EF7 /* Object_Info.h */,
				C77F11521D9AE03700BC6EF7 /* Object_Info.m */,
				C7318E3A1D98BFDB0042731B /* main.m */,
			);
			path = "iOS Programming Assignment 1";
			sourceTree = "<group>";
		};
/* End PBXGroup section */

/* Begin PBXNativeTarget section */
		C7318E361D98BFDA0042731B /* iOS Programming Assignment 1 */ = {
			isa = PBXNativeTarget;
			buildConfigurationList = C7318E3E1D98BFDB0042731B /* Build configuration list for PBXNativeTarget "iOS Programming Assignment 1" */;
			buildPhases = (
				C7318E331D98BFDA0042731B /* Sources */,
				C7318E341D98BFDA0042731B /* Frameworks */,
				C7318E351D98BFDA0042731B /* CopyFiles */,
			);
			buildRules = (
			);
			dependencies = (
			);
			name = "iOS Programming Assignment 1";
			productName = "iOS Programming Assignment 1";
			productReference = C7318E371D98BFDB0042731B /* iOS Programming Assignment 1 */;
			productType = "com.apple.product-type.tool";
		};
/* End PBXNativeTarget section */

/* Begin PBXProject section */
		C7318E2F1D98BFDA0042731B /* Project object */ = {
			isa = PBXProject;
			attributes = {
				LastUpgradeCheck = 0800;
				ORGANIZATIONNAME = nyu.edu;
				TargetAttributes = {
					C7318E361D98BFDA0042731B = {
						CreatedOnToolsVersion = 8.0;
						ProvisioningStyle = Automatic;
					};
				};
			};
			buildConfigurationList = C7318E321D98BFDA0042731B /* Build configuration list for PBXProject "iOS Programming Assignment 1" */;
			compatibilityVersion = "Xcode 3.2";
			developmentRegion = English;
			hasScannedForEncodings = 0;
			knownRegions = (
				en,
			);
			mainGroup = C7318E2E1D98BFDA0042731B;
			productRefGroup = C7318E381D98BFDB0042731B /* Products */;
			projectDirPath = "";
			projectRoot = "";
			targets = (
				C7318E361D98BFDA0042731B /* iOS Programming Assignment 1 */,
			);
		};
/* End PBXProject section */

/* Begin PBXSourcesBuildPhase section */
		C7318E331D98BFDA0042731B /* Sources */ = {
			isa = PBXSourcesBuildPhase;
			buildActionMask = 2147483647;
			files = (
				C77F11531D9AE03700BC6EF7 /* Object_Info.m in Sources */,
				C7318E3B1D98BFDB0042731B /* main.m in Sources */,
			);
			runOnlyForDeploymentPostprocessing = 0;
		};
/* End PBXSourcesBuildPhase section */

/* Begin XCBuildConfiguration section */
		C7318E3C1D98BFDB0042731B /* Debug */ = {
			isa = XCBuildConfiguration;
			buildSettings = {
				ALWAYS_SEARCH_USER_PATHS = NO;
				CLANG_ANALYZER_NONNULL = YES;
				CLANG_CXX_LANGUAGE_STANDARD = "gnu++0x";
				CLANG_CXX_LIBRARY = "libc++";
				CLANG_ENABLE_MODULES = YES;
				CLANG_ENABLE_OBJC_ARC = YES;
				CLANG_WARN_BOOL_CONVERSION = YES;
				CLANG_WARN_CONSTANT_CONVERSION = YES;
				CLANG_WARN_DIRECT_OBJC_ISA_USAGE = YES_ERROR;
				CLANG_WARN_DOCUMENTATION_COMMENTS = YES;
				CLANG_WARN_EMPTY_BODY = YES;
				CLANG_WARN_ENUM_CONVERSION = YES;
				CLANG_WARN_INFINITE_RECURSION = YES;
				CLANG_WARN_INT_CONVERSION = YES;
				CLANG_WARN_OBJC_ROOT_CLASS = YES_ERROR;
				CLANG_WARN_SUSPICIOUS_MOVES = YES;
				CLANG_WARN_UNREACHABLE_CODE = YES;
				CLANG_WARN__DUPLICATE_METHOD_MATCH = YES;
				CODE_SIGN_IDENTITY = "-";
				COPY_PHASE_STRIP = NO;
				DEBUG_INFORMATION_FORMAT = dwarf;
				ENABLE_STRICT_OBJC_MSGSEND = YES;
				ENABLE_TESTABILITY = YES;
				GCC_C_LANGUAGE_STANDARD = gnu99;
				GCC_DYNAMIC_NO_PIC = NO;
				GCC_NO_COMMON_BLOCKS = YES;
				GCC_OPTIMIZATION_LEVEL = 0;
				GCC_PREPROCESSOR_DEFINITIONS = (
					"DEBUG=1",
					"$(inherited)",
				);
				GCC_WARN_64_TO_32_BIT_CONVERSION = YES;
				GCC_WARN_ABOUT_RETURN_TYPE = YES_ERROR;
				GCC_WARN_UNDECLARED_SELECTOR = YES;
				GCC_WARN_UNINITIALIZED_AUTOS = YES_AGGRESSIVE;
				GCC_WARN_UNUSED_FUNCTION = YES;
				GCC_WARN_UNUSED_VARIABLE = YES;
				MACOSX_DEPLOYMENT_TARGET = 10.11;
				MTL_ENABLE_DEBUG_INFO = YES;
				ONLY_ACTIVE_ARCH = YES;
				SDKROOT = macosx;
			};
			name = Debug;
		};
		C7318E3D1D98BFDB0042731B /* Release */ = {
			isa = XCBuildConfiguration;
			buildSettings = {
				ALWAYS_SEARCH_USER_PATHS = NO;
				CLANG_ANALYZER_NONNULL = YES;
				CLANG_CXX_LANGUAGE_STANDARD = "gnu++0x";
				CLANG_CXX_LIBRARY = "libc++";
				CLANG_ENABLE_MODULES = YES;
				CLANG_ENABLE_OBJC_ARC = YES;
				CLANG_WARN_BOOL_CONVERSION = YES;
				CLANG_WARN_CONSTANT_CONVERSION = YES;
				CLANG_WARN_DIRECT_OBJC_ISA_USAGE = YES_ERROR;
				CLANG_WARN_DOCUMENTATION_COMMENTS = YES;
				CLANG_WARN_EMPTY_BODY = YES;
				CLANG_WARN_ENUM_CONVERSION = YES;
				CLANG_WARN_INFINITE_RECURSION = YES;
				CLANG_WARN_INT_CONVERSION = YES;
				CLANG_WARN_OBJC_ROOT_CLASS = YES_ERROR;
				CLANG_WARN_SUSPICIOUS_MOVES = YES;
				CLANG_WARN_UNREACHABLE_CODE = YES;
				CLANG_WARN__DUPLICATE_METHOD_MATCH = YES;
				CODE_SIGN_IDENTITY = "-";
				COPY_PHASE_STRIP = NO;
				DEBUG_INFORMATION_FORMAT = "dwarf-with-dsym";
				ENABLE_NS_ASSERTIONS = NO;
				ENABLE_STRICT_OBJC_MSGSEND = YES;
				GCC_C_LANGUAGE_STANDARD = gnu99;
				GCC_NO_COMMON_BLOCKS = YES;
				GCC_WARN_64_TO_32_BIT_CONVERSION = YES;
				GCC_WARN_ABOUT_RETURN_TYPE = YES_ERROR;
				GCC_WARN_UNDECLARED_SELECTOR = YES;
				GCC_WARN_UNINITIALIZED_AUTOS = YES_AGGRESSIVE;
				GCC_WARN_UNUSED_FUNCTION = YES;
				GCC_WARN_UNUSED_VARIABLE = YES;
				MACOSX_DEPLOYMENT_TARGET = 10.11;
				MTL_ENABLE_DEBUG_INFO = NO;
				SDKROOT = macosx;
			};
			name = Release;
		};
		C7318E3F1D98BFDB0042731B /* Debug */ = {
			isa = XCBuildConfiguration;
			buildSettings = {
				PRODUCT_NAME = "$(TARGET_NAME)";
			};
			name = Debug;
		};
		C7318E401D98BFDB0042731B /* Release */ = {
			isa = XCBuildConfiguration;
			buildSettings = {
				PRODUCT_NAME = "$(TARGET_NAME)";
			};
			name = Release;
		};
/* End XCBuildConfiguration section */

/* Begin XCConfigurationList section */
		C7318E321D98BFDA0042731B /* Build configuration list for PBXProject "iOS Programming Assignment 1" */ = {
			isa = XCConfigurationList;
			buildConfigurations = (
				C7318E3C1D98BFDB0042731B /* Debug */,
				C7318E3D1D98BFDB0042731B /* Release */,
			);
			defaultConfigurationIsVisible = 0;
			defaultConfigurationName = Release;
		};
		C7318E3E1D98BFDB0042731B /* Build configuration list for PBXNativeTarget "iOS Programming Assignment 1" */ = {
			isa = XCConfigurationList;
			buildConfigurations = (
				C7318E3F1D98BFDB0042731B /* Debug */,
				C7318E401D98BFDB0042731B /* Release */,
			);
			defaultConfigurationIsVisible = 0;
			defaultConfigurationName = Release;
		};
/* End XCConfigurationList section */
	};
	rootObject = C7318E2F1D98BFDA0042731B /* Project object */;
}
